
Microsoft Visual Studio Solution File, Format Version 12.00
# Visual Studio Version 17
VisualStudioVersion = 17.9.34622.214
MinimumVisualStudioVersion = 10.0.40219.1
Project("{FAE04EC0-301F-11D3-BF4B-00C04F79EFBC}") = "WindowsFormsApp1", "WindowsFormsApp1\WindowsFormsApp1.csproj", "{9F87864B-C95F-4E13-92E7-4FFE93D58744}"
EndProject
Project("{54435603-DBB4-11D2-8724-00A0C9A8B90C}") = "Lab02_lapTrinhmang", "Lab02_lapTrinhmang\Lab02_lapTrinhmang.vdproj", "{9E9D169A-A522-4356-8151-B77C3C5B9B56}"
EndProject
Global
	GlobalSection(SolutionConfigurationPlatforms) = preSolution
		Debug|Any CPU = Debug|Any CPU
		Release|Any CPU = Release|Any CPU
	EndGlobalSection
	GlobalSection(ProjectConfigurationPlatforms) = postSolution
		{9F87864B-C95F-4E13-92E7-4FFE93D58744}.Debug|Any CPU.ActiveCfg = Debug|Any CPU
		{9F87864B-C95F-4E13-92E7-4FFE93D58744}.Debug|Any CPU.Build.0 = Debug|Any CPU
		{9F87864B-C95F-4E13-92E7-4FFE93D58744}.Release|Any CPU.ActiveCfg = Release|Any CPU
		{9F87864B-C95F-4E13-92E7-4FFE93D58744}.Release|Any CPU.Build.0 = Release|Any CPU
		{9E9D169A-A522-4356-8151-B77C3C5B9B56}.Debug|Any CPU.ActiveCfg = Debug
		{9E9D169A-A522-4356-8151-B77C3C5B9B56}.Release|Any CPU.ActiveCfg = Release
	EndGlobalSection
	GlobalSection(SolutionProperties) = preSolution
		HideSolutionNode = FALSE
	EndGlobalSection
	GlobalSection(ExtensibilityGlobals) = postSolution
		SolutionGuid = {7FEF7DA3-5294-4108-991E-95CA9AB01613}
	EndGlobalSection
EndGlobal
